{
  "version": 4,
  "terraform_version": "1.6.5",
  "serial": 111,
  "lineage": "bfb1b59f-7a81-cf6a-64eb-9655f23a0a60",
  "outputs": {},
  "resources": [
    {
      "mode": "managed",
      "type": "azurerm_network_interface",
      "name": "ANSIBLE-DR-NIC",
      "provider": "provider[\"registry.terraform.io/hashicorp/azurerm\"]",
      "instances": [
        {
          "schema_version": 0,
          "attributes": {
            "applied_dns_servers": [],
            "dns_servers": [],
            "enable_accelerated_networking": false,
            "enable_ip_forwarding": false,
            "id": "/subscriptions/c34f0752-7151-4ee1-ac5c-6369a3e67318/resourceGroups/grupo2-neu-dr-rg/providers/Microsoft.Network/networkInterfaces/ANSIBLE-DR-NIC",
            "internal_dns_name_label": "",
            "internal_domain_name_suffix": "l2k5eycmchoubiungjbdx5cf3g.fx.internal.cloudapp.net",
            "ip_configuration": [
              {
                "gateway_load_balancer_frontend_ip_configuration_id": "",
                "name": "internal",
                "primary": true,
                "private_ip_address": "10.1.1.111",
                "private_ip_address_allocation": "Static",
                "private_ip_address_version": "IPv4",
                "public_ip_address_id": "/subscriptions/c34f0752-7151-4ee1-ac5c-6369a3e67318/resourceGroups/grupo2-neu-dr-rg/providers/Microsoft.Network/publicIPAddresses/Grupo2-NEU-DR-ANSIBLE-PIP",
                "subnet_id": "/subscriptions/c34f0752-7151-4ee1-ac5c-6369a3e67318/resourceGroups/grupo2-neu-dr-rg/providers/Microsoft.Network/virtualNetworks/Grupo2-NEU-DR-VNET/subnets/GRUPO2-NEU-DR-ANISBLE-SUBNET"
              }
            ],
            "location": "northeurope",
            "mac_address": "7C-1E-52-20-EC-D5",
            "name": "ANSIBLE-DR-NIC",
            "private_ip_address": "10.1.1.111",
            "private_ip_addresses": [
              "10.1.1.111"
            ],
            "resource_group_name": "grupo2-neu-dr-rg",
            "tags": {},
            "timeouts": null,
            "virtual_machine_id": "/subscriptions/c34f0752-7151-4ee1-ac5c-6369a3e67318/resourceGroups/grupo2-neu-dr-rg/providers/Microsoft.Compute/virtualMachines/Grupo2-NEU-DR-ANSIBLE"
          },
          "sensitive_attributes": [],
          "private": "eyJlMmJmYjczMC1lY2FhLTExZTYtOGY4OC0zNDM2M2JjN2M0YzAiOnsiY3JlYXRlIjoxODAwMDAwMDAwMDAwLCJkZWxldGUiOjE4MDAwMDAwMDAwMDAsInJlYWQiOjMwMDAwMDAwMDAwMCwidXBkYXRlIjoxODAwMDAwMDAwMDAwfX0=",
          "dependencies": [
            "azurerm_public_ip.grupo2-neu-dr-ansible-pip",
            "azurerm_subnet.grupo2-neu-dr-ansible-subnet",
            "azurerm_virtual_network.grupo2-neu-dr-vnet"
          ]
        }
      ]
    },
    {
      "mode": "managed",
      "type": "azurerm_network_interface",
      "name": "ANSIBLE-PROD-NIC",
      "provider": "provider[\"registry.terraform.io/hashicorp/azurerm\"]",
      "instances": [
        {
          "schema_version": 0,
          "attributes": {
            "applied_dns_servers": [],
            "dns_servers": [],
            "enable_accelerated_networking": false,
            "enable_ip_forwarding": false,
            "id": "/subscriptions/c34f0752-7151-4ee1-ac5c-6369a3e67318/resourceGroups/grupo2-weu-prod-rg/providers/Microsoft.Network/networkInterfaces/ANSIBLE-PROD-NIC",
            "internal_dns_name_label": "",
            "internal_domain_name_suffix": "",
            "ip_configuration": [
              {
                "gateway_load_balancer_frontend_ip_configuration_id": "",
                "name": "internal",
                "primary": true,
                "private_ip_address": "10.0.1.111",
                "private_ip_address_allocation": "Static",
                "private_ip_address_version": "IPv4",
                "public_ip_address_id": "/subscriptions/c34f0752-7151-4ee1-ac5c-6369a3e67318/resourceGroups/grupo2-weu-prod-rg/providers/Microsoft.Network/publicIPAddresses/Grupo2-WEU-PROD-ANSIBLE-PIP",
                "subnet_id": "/subscriptions/c34f0752-7151-4ee1-ac5c-6369a3e67318/resourceGroups/grupo2-weu-prod-rg/providers/Microsoft.Network/virtualNetworks/Grupo2-WEU-PROD-VNET/subnets/GRUPO2-WEU-PROD-ANSIBLE-SUBNET"
              }
            ],
            "location": "westeurope",
            "mac_address": "00-0D-3A-2E-26-91",
            "name": "ANSIBLE-PROD-NIC",
            "private_ip_address": "10.0.1.111",
            "private_ip_addresses": [
              "10.0.1.111"
            ],
            "resource_group_name": "grupo2-weu-prod-rg",
            "tags": {},
            "timeouts": null,
            "virtual_machine_id": "/subscriptions/c34f0752-7151-4ee1-ac5c-6369a3e67318/resourceGroups/grupo2-weu-prod-rg/providers/Microsoft.Compute/virtualMachines/Grupo2-WEU-PROD-ANSIBLE"
          },
          "sensitive_attributes": [],
          "private": "eyJlMmJmYjczMC1lY2FhLTExZTYtOGY4OC0zNDM2M2JjN2M0YzAiOnsiY3JlYXRlIjoxODAwMDAwMDAwMDAwLCJkZWxldGUiOjE4MDAwMDAwMDAwMDAsInJlYWQiOjMwMDAwMDAwMDAwMCwidXBkYXRlIjoxODAwMDAwMDAwMDAwfX0=",
          "dependencies": [
            "azurerm_public_ip.grupo2-weu-prod-ansible-pip",
            "azurerm_subnet.grupo2-weu-prod-ansible-subnet",
            "azurerm_virtual_network.grupo2-weu-prod-vnet"
          ]
        }
      ]
    },
    {
      "mode": "managed",
      "type": "azurerm_network_interface",
      "name": "DATABASESERVER-DR-NIC",
      "provider": "provider[\"registry.terraform.io/hashicorp/azurerm\"]",
      "instances": [
        {
          "schema_version": 0,
          "attributes": {
            "applied_dns_servers": [],
            "dns_servers": [],
            "enable_accelerated_networking": false,
            "enable_ip_forwarding": false,
            "id": "/subscriptions/c34f0752-7151-4ee1-ac5c-6369a3e67318/resourceGroups/grupo2-neu-dr-rg/providers/Microsoft.Network/networkInterfaces/DATABASE-DR-NIC",
            "internal_dns_name_label": "",
            "internal_domain_name_suffix": "",
            "ip_configuration": [
              {
                "gateway_load_balancer_frontend_ip_configuration_id": "",
                "name": "internal",
                "primary": true,
                "private_ip_address": "10.1.2.15",
                "private_ip_address_allocation": "Static",
                "private_ip_address_version": "IPv4",
                "public_ip_address_id": "",
                "subnet_id": "/subscriptions/c34f0752-7151-4ee1-ac5c-6369a3e67318/resourceGroups/grupo2-neu-dr-rg/providers/Microsoft.Network/virtualNetworks/Grupo2-NEU-DR-VNET/subnets/GRUPO2-NEU-DR-SUBNET"
              }
            ],
            "location": "northeurope",
            "mac_address": "00-22-48-A3-82-90",
            "name": "DATABASE-DR-NIC",
            "private_ip_address": "10.1.2.15",
            "private_ip_addresses": [
              "10.1.2.15"
            ],
            "resource_group_name": "grupo2-neu-dr-rg",
            "tags": {},
            "timeouts": null,
            "virtual_machine_id": "/subscriptions/c34f0752-7151-4ee1-ac5c-6369a3e67318/resourceGroups/grupo2-neu-dr-rg/providers/Microsoft.Compute/virtualMachines/Grupo2-NEU-DR-DATABASESERVER"
          },
          "sensitive_attributes": [],
          "private": "eyJlMmJmYjczMC1lY2FhLTExZTYtOGY4OC0zNDM2M2JjN2M0YzAiOnsiY3JlYXRlIjoxODAwMDAwMDAwMDAwLCJkZWxldGUiOjE4MDAwMDAwMDAwMDAsInJlYWQiOjMwMDAwMDAwMDAwMCwidXBkYXRlIjoxODAwMDAwMDAwMDAwfX0=",
          "dependencies": [
            "azurerm_subnet.grupo2-neu-dr-subnet",
            "azurerm_virtual_network.grupo2-neu-dr-vnet"
          ]
        }
      ]
    },
    {
      "mode": "managed",
      "type": "azurerm_network_interface",
      "name": "DATABASESERVER-PROD-NIC",
      "provider": "provider[\"registry.terraform.io/hashicorp/azurerm\"]",
      "instances": [
        {
          "schema_version": 0,
          "attributes": {
            "applied_dns_servers": [],
            "dns_servers": [],
            "enable_accelerated_networking": false,
            "enable_ip_forwarding": false,
            "id": "/subscriptions/c34f0752-7151-4ee1-ac5c-6369a3e67318/resourceGroups/grupo2-weu-prod-rg/providers/Microsoft.Network/networkInterfaces/DATABASE-PROD-NIC",
            "internal_dns_name_label": "",
            "internal_domain_name_suffix": "",
            "ip_configuration": [
              {
                "gateway_load_balancer_frontend_ip_configuration_id": "",
                "name": "internal",
                "primary": true,
                "private_ip_address": "10.0.2.15",
                "private_ip_address_allocation": "Static",
                "private_ip_address_version": "IPv4",
                "public_ip_address_id": "",
                "subnet_id": "/subscriptions/c34f0752-7151-4ee1-ac5c-6369a3e67318/resourceGroups/grupo2-weu-prod-rg/providers/Microsoft.Network/virtualNetworks/Grupo2-WEU-PROD-VNET/subnets/GRUPO2-WEU-PROD-SUBNET"
              }
            ],
            "location": "westeurope",
            "mac_address": "00-0D-3A-AB-20-0E",
            "name": "DATABASE-PROD-NIC",
            "private_ip_address": "10.0.2.15",
            "private_ip_addresses": [
              "10.0.2.15"
            ],
            "resource_group_name": "grupo2-weu-prod-rg",
            "tags": {},
            "timeouts": null,
            "virtual_machine_id": "/subscriptions/c34f0752-7151-4ee1-ac5c-6369a3e67318/resourceGroups/grupo2-weu-prod-rg/providers/Microsoft.Compute/virtualMachines/Grupo2-WEU-PROD-DATABASESERVER"
          },
          "sensitive_attributes": [],
          "private": "eyJlMmJmYjczMC1lY2FhLTExZTYtOGY4OC0zNDM2M2JjN2M0YzAiOnsiY3JlYXRlIjoxODAwMDAwMDAwMDAwLCJkZWxldGUiOjE4MDAwMDAwMDAwMDAsInJlYWQiOjMwMDAwMDAwMDAwMCwidXBkYXRlIjoxODAwMDAwMDAwMDAwfX0=",
          "dependencies": [
            "azurerm_subnet.grupo2-weu-prod-subnet",
            "azurerm_virtual_network.grupo2-weu-prod-vnet"
          ]
        }
      ]
    },
    {
      "mode": "managed",
      "type": "azurerm_network_interface",
      "name": "WEBSERVER-DR-NIC",
      "provider": "provider[\"registry.terraform.io/hashicorp/azurerm\"]",
      "instances": [
        {
          "schema_version": 0,
          "attributes": {
            "applied_dns_servers": [],
            "dns_servers": [],
            "enable_accelerated_networking": false,
            "enable_ip_forwarding": false,
            "id": "/subscriptions/c34f0752-7151-4ee1-ac5c-6369a3e67318/resourceGroups/grupo2-neu-dr-rg/providers/Microsoft.Network/networkInterfaces/WEBSERVER-DR-NIC",
            "internal_dns_name_label": "",
            "internal_domain_name_suffix": "",
            "ip_configuration": [
              {
                "gateway_load_balancer_frontend_ip_configuration_id": "",
                "name": "internal",
                "primary": true,
                "private_ip_address": "10.1.2.10",
                "private_ip_address_allocation": "Static",
                "private_ip_address_version": "IPv4",
                "public_ip_address_id": "",
                "subnet_id": "/subscriptions/c34f0752-7151-4ee1-ac5c-6369a3e67318/resourceGroups/grupo2-neu-dr-rg/providers/Microsoft.Network/virtualNetworks/Grupo2-NEU-DR-VNET/subnets/GRUPO2-NEU-DR-SUBNET"
              }
            ],
            "location": "northeurope",
            "mac_address": "60-45-BD-E0-95-5A",
            "name": "WEBSERVER-DR-NIC",
            "private_ip_address": "10.1.2.10",
            "private_ip_addresses": [
              "10.1.2.10"
            ],
            "resource_group_name": "grupo2-neu-dr-rg",
            "tags": {},
            "timeouts": null,
            "virtual_machine_id": "/subscriptions/c34f0752-7151-4ee1-ac5c-6369a3e67318/resourceGroups/grupo2-neu-dr-rg/providers/Microsoft.Compute/virtualMachines/Grupo2-NEU-DR-WEBSERVER"
          },
          "sensitive_attributes": [],
          "private": "eyJlMmJmYjczMC1lY2FhLTExZTYtOGY4OC0zNDM2M2JjN2M0YzAiOnsiY3JlYXRlIjoxODAwMDAwMDAwMDAwLCJkZWxldGUiOjE4MDAwMDAwMDAwMDAsInJlYWQiOjMwMDAwMDAwMDAwMCwidXBkYXRlIjoxODAwMDAwMDAwMDAwfX0=",
          "dependencies": [
            "azurerm_subnet.grupo2-neu-dr-subnet",
            "azurerm_virtual_network.grupo2-neu-dr-vnet"
          ]
        }
      ]
    },
    {
      "mode": "managed",
      "type": "azurerm_network_interface",
      "name": "WEBSERVER-PROD-NIC",
      "provider": "provider[\"registry.terraform.io/hashicorp/azurerm\"]",
      "instances": [
        {
          "schema_version": 0,
          "attributes": {
            "applied_dns_servers": [],
            "dns_servers": [],
            "enable_accelerated_networking": false,
            "enable_ip_forwarding": false,
            "id": "/subscriptions/c34f0752-7151-4ee1-ac5c-6369a3e67318/resourceGroups/grupo2-weu-prod-rg/providers/Microsoft.Network/networkInterfaces/WEBSERVER-PROD-NIC",
            "internal_dns_name_label": "",
            "internal_domain_name_suffix": "",
            "ip_configuration": [
              {
                "gateway_load_balancer_frontend_ip_configuration_id": "",
                "name": "internal",
                "primary": true,
                "private_ip_address": "10.0.2.10",
                "private_ip_address_allocation": "Static",
                "private_ip_address_version": "IPv4",
                "public_ip_address_id": "",
                "subnet_id": "/subscriptions/c34f0752-7151-4ee1-ac5c-6369a3e67318/resourceGroups/grupo2-weu-prod-rg/providers/Microsoft.Network/virtualNetworks/Grupo2-WEU-PROD-VNET/subnets/GRUPO2-WEU-PROD-SUBNET"
              }
            ],
            "location": "westeurope",
            "mac_address": "00-22-48-84-1D-1D",
            "name": "WEBSERVER-PROD-NIC",
            "private_ip_address": "10.0.2.10",
            "private_ip_addresses": [
              "10.0.2.10"
            ],
            "resource_group_name": "grupo2-weu-prod-rg",
            "tags": {},
            "timeouts": null,
            "virtual_machine_id": "/subscriptions/c34f0752-7151-4ee1-ac5c-6369a3e67318/resourceGroups/grupo2-weu-prod-rg/providers/Microsoft.Compute/virtualMachines/Grupo2-WEU-PROD-WEBSERVER"
          },
          "sensitive_attributes": [],
          "private": "eyJlMmJmYjczMC1lY2FhLTExZTYtOGY4OC0zNDM2M2JjN2M0YzAiOnsiY3JlYXRlIjoxODAwMDAwMDAwMDAwLCJkZWxldGUiOjE4MDAwMDAwMDAwMDAsInJlYWQiOjMwMDAwMDAwMDAwMCwidXBkYXRlIjoxODAwMDAwMDAwMDAwfX0=",
          "dependencies": [
            "azurerm_subnet.grupo2-weu-prod-subnet",
            "azurerm_virtual_network.grupo2-weu-prod-vnet"
          ]
        }
      ]
    },
    {
      "mode": "managed",
      "type": "azurerm_network_interface",
      "name": "WINDOWS-DR-NIC",
      "provider": "provider[\"registry.terraform.io/hashicorp/azurerm\"]",
      "instances": [
        {
          "schema_version": 0,
          "attributes": {
            "applied_dns_servers": [],
            "dns_servers": [],
            "enable_accelerated_networking": false,
            "enable_ip_forwarding": false,
            "id": "/subscriptions/c34f0752-7151-4ee1-ac5c-6369a3e67318/resourceGroups/grupo2-neu-dr-rg/providers/Microsoft.Network/networkInterfaces/WINDOWS-DR-NIC",
            "internal_dns_name_label": "",
            "internal_domain_name_suffix": "",
            "ip_configuration": [
              {
                "gateway_load_balancer_frontend_ip_configuration_id": "",
                "name": "internal",
                "primary": true,
                "private_ip_address": "10.1.2.20",
                "private_ip_address_allocation": "Static",
                "private_ip_address_version": "IPv4",
                "public_ip_address_id": "",
                "subnet_id": "/subscriptions/c34f0752-7151-4ee1-ac5c-6369a3e67318/resourceGroups/grupo2-neu-dr-rg/providers/Microsoft.Network/virtualNetworks/Grupo2-NEU-DR-VNET/subnets/GRUPO2-NEU-DR-SUBNET"
              }
            ],
            "location": "northeurope",
            "mac_address": "00-22-48-A3-89-19",
            "name": "WINDOWS-DR-NIC",
            "private_ip_address": "10.1.2.20",
            "private_ip_addresses": [
              "10.1.2.20"
            ],
            "resource_group_name": "grupo2-neu-dr-rg",
            "tags": {},
            "timeouts": null,
            "virtual_machine_id": "/subscriptions/c34f0752-7151-4ee1-ac5c-6369a3e67318/resourceGroups/grupo2-neu-dr-rg/providers/Microsoft.Compute/virtualMachines/Grupo2-NEU-DR-WINDOWSSERVER"
          },
          "sensitive_attributes": [],
          "private": "eyJlMmJmYjczMC1lY2FhLTExZTYtOGY4OC0zNDM2M2JjN2M0YzAiOnsiY3JlYXRlIjoxODAwMDAwMDAwMDAwLCJkZWxldGUiOjE4MDAwMDAwMDAwMDAsInJlYWQiOjMwMDAwMDAwMDAwMCwidXBkYXRlIjoxODAwMDAwMDAwMDAwfX0=",
          "dependencies": [
            "azurerm_subnet.grupo2-neu-dr-subnet",
            "azurerm_virtual_network.grupo2-neu-dr-vnet"
          ]
        }
      ]
    },
    {
      "mode": "managed",
      "type": "azurerm_network_interface",
      "name": "WINDOWS-PROD-NIC",
      "provider": "provider[\"registry.terraform.io/hashicorp/azurerm\"]",
      "instances": [
        {
          "schema_version": 0,
          "attributes": {
            "applied_dns_servers": [],
            "dns_servers": [],
            "enable_accelerated_networking": false,
            "enable_ip_forwarding": false,
            "id": "/subscriptions/c34f0752-7151-4ee1-ac5c-6369a3e67318/resourceGroups/grupo2-weu-prod-rg/providers/Microsoft.Network/networkInterfaces/WINDOWS-PROD-NIC",
            "internal_dns_name_label": "",
            "internal_domain_name_suffix": "5pqfjqovlfierelwex24gxfime.ax.internal.cloudapp.net",
            "ip_configuration": [
              {
                "gateway_load_balancer_frontend_ip_configuration_id": "",
                "name": "internal",
                "primary": true,
                "private_ip_address": "10.0.2.20",
                "private_ip_address_allocation": "Static",
                "private_ip_address_version": "IPv4",
                "public_ip_address_id": "",
                "subnet_id": "/subscriptions/c34f0752-7151-4ee1-ac5c-6369a3e67318/resourceGroups/grupo2-weu-prod-rg/providers/Microsoft.Network/virtualNetworks/Grupo2-WEU-PROD-VNET/subnets/GRUPO2-WEU-PROD-SUBNET"
              }
            ],
            "location": "westeurope",
            "mac_address": "",
            "name": "WINDOWS-PROD-NIC",
            "private_ip_address": "10.0.2.20",
            "private_ip_addresses": [
              "10.0.2.20"
            ],
            "resource_group_name": "grupo2-weu-prod-rg",
            "tags": null,
            "timeouts": null,
            "virtual_machine_id": ""
          },
          "sensitive_attributes": [],
          "private": "eyJlMmJmYjczMC1lY2FhLTExZTYtOGY4OC0zNDM2M2JjN2M0YzAiOnsiY3JlYXRlIjoxODAwMDAwMDAwMDAwLCJkZWxldGUiOjE4MDAwMDAwMDAwMDAsInJlYWQiOjMwMDAwMDAwMDAwMCwidXBkYXRlIjoxODAwMDAwMDAwMDAwfX0=",
          "dependencies": [
            "azurerm_subnet.grupo2-weu-prod-subnet",
            "azurerm_virtual_network.grupo2-weu-prod-vnet"
          ]
        }
      ]
    },
    {
      "mode": "managed",
      "type": "azurerm_network_interface_security_group_association",
      "name": "WindowsServerDR-NIC-NSG",
      "provider": "provider[\"registry.terraform.io/hashicorp/azurerm\"]",
      "instances": [
        {
          "schema_version": 0,
          "attributes": {
            "id": "/subscriptions/c34f0752-7151-4ee1-ac5c-6369a3e67318/resourceGroups/grupo2-neu-dr-rg/providers/Microsoft.Network/networkInterfaces/WINDOWS-DR-NIC|/subscriptions/c34f0752-7151-4ee1-ac5c-6369a3e67318/resourceGroups/grupo2-neu-dr-rg/providers/Microsoft.Network/networkSecurityGroups/Grupo2-WEU-PROD-WINDOWSSERVER-NSG",
            "network_interface_id": "/subscriptions/c34f0752-7151-4ee1-ac5c-6369a3e67318/resourceGroups/grupo2-neu-dr-rg/providers/Microsoft.Network/networkInterfaces/WINDOWS-DR-NIC",
            "network_security_group_id": "/subscriptions/c34f0752-7151-4ee1-ac5c-6369a3e67318/resourceGroups/grupo2-neu-dr-rg/providers/Microsoft.Network/networkSecurityGroups/Grupo2-WEU-PROD-WINDOWSSERVER-NSG",
            "timeouts": null
          },
          "sensitive_attributes": [],
          "private": "eyJlMmJmYjczMC1lY2FhLTExZTYtOGY4OC0zNDM2M2JjN2M0YzAiOnsiY3JlYXRlIjoxODAwMDAwMDAwMDAwLCJkZWxldGUiOjE4MDAwMDAwMDAwMDAsInJlYWQiOjMwMDAwMDAwMDAwMCwidXBkYXRlIjoxODAwMDAwMDAwMDAwfX0=",
          "dependencies": [
            "azurerm_network_interface.WINDOWS-DR-NIC",
            "azurerm_network_security_group.grupo2-neu-dr-WINDOWSSERVER-nsg",
            "azurerm_subnet.grupo2-neu-dr-subnet",
            "azurerm_virtual_network.grupo2-neu-dr-vnet"
          ]
        }
      ]
    },
    {
      "mode": "managed",
      "type": "azurerm_network_security_group",
      "name": "grupo2-neu-dr-WINDOWSSERVER-nsg",
      "provider": "provider[\"registry.terraform.io/hashicorp/azurerm\"]",
      "instances": [
        {
          "schema_version": 0,
          "attributes": {
            "id": "/subscriptions/c34f0752-7151-4ee1-ac5c-6369a3e67318/resourceGroups/grupo2-neu-dr-rg/providers/Microsoft.Network/networkSecurityGroups/Grupo2-WEU-PROD-WINDOWSSERVER-NSG",
            "location": "northeurope",
            "name": "Grupo2-WEU-PROD-WINDOWSSERVER-NSG",
            "resource_group_name": "grupo2-neu-dr-rg",
            "security_rule": [
              {
                "access": "Allow",
                "description": "",
                "destination_address_prefix": "*",
                "destination_address_prefixes": [],
                "destination_application_security_group_ids": [],
                "destination_port_range": "3389",
                "destination_port_ranges": [],
                "direction": "Inbound",
                "name": "RDP",
                "priority": 1000,
                "protocol": "*",
                "source_address_prefix": "*",
                "source_address_prefixes": [],
                "source_application_security_group_ids": [],
                "source_port_range": "*",
                "source_port_ranges": []
              }
            ],
            "tags": {},
            "timeouts": null
          },
          "sensitive_attributes": [],
          "private": "eyJlMmJmYjczMC1lY2FhLTExZTYtOGY4OC0zNDM2M2JjN2M0YzAiOnsiY3JlYXRlIjoxODAwMDAwMDAwMDAwLCJkZWxldGUiOjE4MDAwMDAwMDAwMDAsInJlYWQiOjMwMDAwMDAwMDAwMCwidXBkYXRlIjoxODAwMDAwMDAwMDAwfX0="
        }
      ]
    },
    {
      "mode": "managed",
      "type": "azurerm_public_ip",
      "name": "grupo2-neu-dr-ansible-pip",
      "provider": "provider[\"registry.terraform.io/hashicorp/azurerm\"]",
      "instances": [
        {
          "schema_version": 0,
          "attributes": {
            "allocation_method": "Static",
            "availability_zone": "No-Zone",
            "domain_name_label": null,
            "fqdn": null,
            "id": "/subscriptions/c34f0752-7151-4ee1-ac5c-6369a3e67318/resourceGroups/grupo2-neu-dr-rg/providers/Microsoft.Network/publicIPAddresses/Grupo2-NEU-DR-ANSIBLE-PIP",
            "idle_timeout_in_minutes": 4,
            "ip_address": "23.102.24.139",
            "ip_tags": {},
            "ip_version": "IPv4",
            "location": "northeurope",
            "name": "Grupo2-NEU-DR-ANSIBLE-PIP",
            "public_ip_prefix_id": null,
            "resource_group_name": "grupo2-neu-dr-rg",
            "reverse_fqdn": null,
            "sku": "Basic",
            "sku_tier": "Regional",
            "tags": {},
            "timeouts": null,
            "zones": []
          },
          "sensitive_attributes": [],
          "private": "eyJlMmJmYjczMC1lY2FhLTExZTYtOGY4OC0zNDM2M2JjN2M0YzAiOnsiY3JlYXRlIjoxODAwMDAwMDAwMDAwLCJkZWxldGUiOjE4MDAwMDAwMDAwMDAsInJlYWQiOjMwMDAwMDAwMDAwMCwidXBkYXRlIjoxODAwMDAwMDAwMDAwfX0="
        }
      ]
    },
    {
      "mode": "managed",
      "type": "azurerm_public_ip",
      "name": "grupo2-neu-dr-windows-pip",
      "provider": "provider[\"registry.terraform.io/hashicorp/azurerm\"]",
      "instances": [
        {
          "schema_version": 0,
          "attributes": {
            "allocation_method": "Dynamic",
            "availability_zone": "No-Zone",
            "domain_name_label": null,
            "fqdn": null,
            "id": "/subscriptions/c34f0752-7151-4ee1-ac5c-6369a3e67318/resourceGroups/grupo2-neu-dr-rg/providers/Microsoft.Network/publicIPAddresses/Grupo2-NEU-DR-WINDOWS-PIP",
            "idle_timeout_in_minutes": 4,
            "ip_address": "",
            "ip_tags": {},
            "ip_version": "IPv4",
            "location": "northeurope",
            "name": "Grupo2-NEU-DR-WINDOWS-PIP",
            "public_ip_prefix_id": null,
            "resource_group_name": "grupo2-neu-dr-rg",
            "reverse_fqdn": null,
            "sku": "Basic",
            "sku_tier": "Regional",
            "tags": {},
            "timeouts": null,
            "zones": []
          },
          "sensitive_attributes": [],
          "private": "eyJlMmJmYjczMC1lY2FhLTExZTYtOGY4OC0zNDM2M2JjN2M0YzAiOnsiY3JlYXRlIjoxODAwMDAwMDAwMDAwLCJkZWxldGUiOjE4MDAwMDAwMDAwMDAsInJlYWQiOjMwMDAwMDAwMDAwMCwidXBkYXRlIjoxODAwMDAwMDAwMDAwfX0="
        }
      ]
    },
    {
      "mode": "managed",
      "type": "azurerm_public_ip",
      "name": "grupo2-weu-prod-ansible-pip",
      "provider": "provider[\"registry.terraform.io/hashicorp/azurerm\"]",
      "instances": [
        {
          "schema_version": 0,
          "attributes": {
            "allocation_method": "Static",
            "availability_zone": "No-Zone",
            "domain_name_label": null,
            "fqdn": null,
            "id": "/subscriptions/c34f0752-7151-4ee1-ac5c-6369a3e67318/resourceGroups/grupo2-weu-prod-rg/providers/Microsoft.Network/publicIPAddresses/Grupo2-WEU-PROD-ANSIBLE-PIP",
            "idle_timeout_in_minutes": 4,
            "ip_address": "20.126.141.214",
            "ip_tags": {},
            "ip_version": "IPv4",
            "location": "westeurope",
            "name": "Grupo2-WEU-PROD-ANSIBLE-PIP",
            "public_ip_prefix_id": null,
            "resource_group_name": "grupo2-weu-prod-rg",
            "reverse_fqdn": null,
            "sku": "Basic",
            "sku_tier": "Regional",
            "tags": {},
            "timeouts": null,
            "zones": []
          },
          "sensitive_attributes": [],
          "private": "eyJlMmJmYjczMC1lY2FhLTExZTYtOGY4OC0zNDM2M2JjN2M0YzAiOnsiY3JlYXRlIjoxODAwMDAwMDAwMDAwLCJkZWxldGUiOjE4MDAwMDAwMDAwMDAsInJlYWQiOjMwMDAwMDAwMDAwMCwidXBkYXRlIjoxODAwMDAwMDAwMDAwfX0="
        }
      ]
    },
    {
      "mode": "managed",
      "type": "azurerm_public_ip",
      "name": "grupo2-weu-prod-windows-pip",
      "provider": "provider[\"registry.terraform.io/hashicorp/azurerm\"]",
      "instances": [
        {
          "schema_version": 0,
          "attributes": {
            "allocation_method": "Dynamic",
            "availability_zone": "No-Zone",
            "domain_name_label": null,
            "fqdn": null,
            "id": "/subscriptions/c34f0752-7151-4ee1-ac5c-6369a3e67318/resourceGroups/grupo2-weu-prod-rg/providers/Microsoft.Network/publicIPAddresses/Grupo2-WEU-PROD-WINDOWS-PIP",
            "idle_timeout_in_minutes": 4,
            "ip_address": "",
            "ip_tags": null,
            "ip_version": "IPv4",
            "location": "westeurope",
            "name": "Grupo2-WEU-PROD-WINDOWS-PIP",
            "public_ip_prefix_id": null,
            "resource_group_name": "grupo2-weu-prod-rg",
            "reverse_fqdn": null,
            "sku": "Basic",
            "sku_tier": "Regional",
            "tags": null,
            "timeouts": null,
            "zones": []
          },
          "sensitive_attributes": [],
          "private": "eyJlMmJmYjczMC1lY2FhLTExZTYtOGY4OC0zNDM2M2JjN2M0YzAiOnsiY3JlYXRlIjoxODAwMDAwMDAwMDAwLCJkZWxldGUiOjE4MDAwMDAwMDAwMDAsInJlYWQiOjMwMDAwMDAwMDAwMCwidXBkYXRlIjoxODAwMDAwMDAwMDAwfX0="
        }
      ]
    },
    {
      "mode": "managed",
      "type": "azurerm_subnet",
      "name": "grupo2-neu-dr-ansible-subnet",
      "provider": "provider[\"registry.terraform.io/hashicorp/azurerm\"]",
      "instances": [
        {
          "schema_version": 0,
          "attributes": {
            "address_prefix": "10.1.1.0/24",
            "address_prefixes": [
              "10.1.1.0/24"
            ],
            "delegation": [],
            "enforce_private_link_endpoint_network_policies": false,
            "enforce_private_link_service_network_policies": false,
            "id": "/subscriptions/c34f0752-7151-4ee1-ac5c-6369a3e67318/resourceGroups/grupo2-neu-dr-rg/providers/Microsoft.Network/virtualNetworks/Grupo2-NEU-DR-VNET/subnets/GRUPO2-NEU-DR-ANISBLE-SUBNET",
            "name": "GRUPO2-NEU-DR-ANISBLE-SUBNET",
            "resource_group_name": "grupo2-neu-dr-rg",
            "service_endpoint_policy_ids": [],
            "service_endpoints": [],
            "timeouts": null,
            "virtual_network_name": "Grupo2-NEU-DR-VNET"
          },
          "sensitive_attributes": [],
          "private": "eyJlMmJmYjczMC1lY2FhLTExZTYtOGY4OC0zNDM2M2JjN2M0YzAiOnsiY3JlYXRlIjoxODAwMDAwMDAwMDAwLCJkZWxldGUiOjE4MDAwMDAwMDAwMDAsInJlYWQiOjMwMDAwMDAwMDAwMCwidXBkYXRlIjoxODAwMDAwMDAwMDAwfX0=",
          "dependencies": [
            "azurerm_virtual_network.grupo2-neu-dr-vnet"
          ]
        }
      ]
    },
    {
      "mode": "managed",
      "type": "azurerm_subnet",
      "name": "grupo2-neu-dr-subnet",
      "provider": "provider[\"registry.terraform.io/hashicorp/azurerm\"]",
      "instances": [
        {
          "schema_version": 0,
          "attributes": {
            "address_prefix": "10.1.2.0/24",
            "address_prefixes": [
              "10.1.2.0/24"
            ],
            "delegation": [],
            "enforce_private_link_endpoint_network_policies": false,
            "enforce_private_link_service_network_policies": false,
            "id": "/subscriptions/c34f0752-7151-4ee1-ac5c-6369a3e67318/resourceGroups/grupo2-neu-dr-rg/providers/Microsoft.Network/virtualNetworks/Grupo2-NEU-DR-VNET/subnets/GRUPO2-NEU-DR-SUBNET",
            "name": "GRUPO2-NEU-DR-SUBNET",
            "resource_group_name": "grupo2-neu-dr-rg",
            "service_endpoint_policy_ids": [],
            "service_endpoints": [],
            "timeouts": null,
            "virtual_network_name": "Grupo2-NEU-DR-VNET"
          },
          "sensitive_attributes": [],
          "private": "eyJlMmJmYjczMC1lY2FhLTExZTYtOGY4OC0zNDM2M2JjN2M0YzAiOnsiY3JlYXRlIjoxODAwMDAwMDAwMDAwLCJkZWxldGUiOjE4MDAwMDAwMDAwMDAsInJlYWQiOjMwMDAwMDAwMDAwMCwidXBkYXRlIjoxODAwMDAwMDAwMDAwfX0=",
          "dependencies": [
            "azurerm_virtual_network.grupo2-neu-dr-vnet"
          ]
        }
      ]
    },
    {
      "mode": "managed",
      "type": "azurerm_subnet",
      "name": "grupo2-weu-prod-ansible-subnet",
      "provider": "provider[\"registry.terraform.io/hashicorp/azurerm\"]",
      "instances": [
        {
          "schema_version": 0,
          "attributes": {
            "address_prefix": "10.0.1.0/24",
            "address_prefixes": [
              "10.0.1.0/24"
            ],
            "delegation": [],
            "enforce_private_link_endpoint_network_policies": false,
            "enforce_private_link_service_network_policies": false,
            "id": "/subscriptions/c34f0752-7151-4ee1-ac5c-6369a3e67318/resourceGroups/grupo2-weu-prod-rg/providers/Microsoft.Network/virtualNetworks/Grupo2-WEU-PROD-VNET/subnets/GRUPO2-WEU-PROD-ANSIBLE-SUBNET",
            "name": "GRUPO2-WEU-PROD-ANSIBLE-SUBNET",
            "resource_group_name": "grupo2-weu-prod-rg",
            "service_endpoint_policy_ids": [],
            "service_endpoints": [],
            "timeouts": null,
            "virtual_network_name": "Grupo2-WEU-PROD-VNET"
          },
          "sensitive_attributes": [],
          "private": "eyJlMmJmYjczMC1lY2FhLTExZTYtOGY4OC0zNDM2M2JjN2M0YzAiOnsiY3JlYXRlIjoxODAwMDAwMDAwMDAwLCJkZWxldGUiOjE4MDAwMDAwMDAwMDAsInJlYWQiOjMwMDAwMDAwMDAwMCwidXBkYXRlIjoxODAwMDAwMDAwMDAwfX0=",
          "dependencies": [
            "azurerm_virtual_network.grupo2-weu-prod-vnet"
          ]
        }
      ]
    },
    {
      "mode": "managed",
      "type": "azurerm_subnet",
      "name": "grupo2-weu-prod-subnet",
      "provider": "provider[\"registry.terraform.io/hashicorp/azurerm\"]",
      "instances": [
        {
          "schema_version": 0,
          "attributes": {
            "address_prefix": "10.0.2.0/24",
            "address_prefixes": [
              "10.0.2.0/24"
            ],
            "delegation": [],
            "enforce_private_link_endpoint_network_policies": false,
            "enforce_private_link_service_network_policies": false,
            "id": "/subscriptions/c34f0752-7151-4ee1-ac5c-6369a3e67318/resourceGroups/grupo2-weu-prod-rg/providers/Microsoft.Network/virtualNetworks/Grupo2-WEU-PROD-VNET/subnets/GRUPO2-WEU-PROD-SUBNET",
            "name": "GRUPO2-WEU-PROD-SUBNET",
            "resource_group_name": "grupo2-weu-prod-rg",
            "service_endpoint_policy_ids": [],
            "service_endpoints": [],
            "timeouts": null,
            "virtual_network_name": "Grupo2-WEU-PROD-VNET"
          },
          "sensitive_attributes": [],
          "private": "eyJlMmJmYjczMC1lY2FhLTExZTYtOGY4OC0zNDM2M2JjN2M0YzAiOnsiY3JlYXRlIjoxODAwMDAwMDAwMDAwLCJkZWxldGUiOjE4MDAwMDAwMDAwMDAsInJlYWQiOjMwMDAwMDAwMDAwMCwidXBkYXRlIjoxODAwMDAwMDAwMDAwfX0=",
          "dependencies": [
            "azurerm_virtual_network.grupo2-weu-prod-vnet"
          ]
        }
      ]
    },
    {
      "mode": "managed",
      "type": "azurerm_virtual_machine",
      "name": "ANSIBLE-DR",
      "provider": "provider[\"registry.terraform.io/hashicorp/azurerm\"]",
      "instances": [
        {
          "schema_version": 0,
          "attributes": {
            "additional_capabilities": [],
            "availability_set_id": null,
            "boot_diagnostics": [],
            "delete_data_disks_on_termination": true,
            "delete_os_disk_on_termination": true,
            "id": "/subscriptions/c34f0752-7151-4ee1-ac5c-6369a3e67318/resourceGroups/grupo2-neu-dr-rg/providers/Microsoft.Compute/virtualMachines/Grupo2-NEU-DR-ANSIBLE",
            "identity": [],
            "license_type": null,
            "location": "northeurope",
            "name": "Grupo2-NEU-DR-ANSIBLE",
            "network_interface_ids": [
              "/subscriptions/c34f0752-7151-4ee1-ac5c-6369a3e67318/resourceGroups/grupo2-neu-dr-rg/providers/Microsoft.Network/networkInterfaces/ANSIBLE-DR-NIC"
            ],
            "os_profile": [
              {
                "admin_password": "",
                "admin_username": "controlnode",
                "computer_name": "hostname",
                "custom_data": ""
              }
            ],
            "os_profile_linux_config": [
              {
                "disable_password_authentication": true,
                "ssh_keys": [
                  {
                    "key_data": "ssh-rsa AAAAB3NzaC1yc2EAAAADAQABAAABgQDTW2rOwXXJ82JlqX+Cdh919JldzyR9tEPb6fNkiULJ4ss9nWICvqLKyJltYeZyPgiTaR4hFGDB4umftfxH2Y1/5dtoWgH2UnAhscY2Bf9qntVx+Yv6vKDmkBCsmliR/lqDrjX6yBVER1WE/AeRYGL2OQUtMaQhB309kGSKzm8fPddT+2kh/dv5e88wUgnzwDN8945+dW63fIS+ProPEqzkC0Vwkh5oYufJIO7TFpdeLK1U9ZJYOciSu66SXH8o0sGlnUA7J3I4lmnQDTrP4mV4E/vXfwdcKlt0KaZsFLnLnFcqO2I8SvfCTSyZblnJRbkq6xeFu+zLcuhmKjra4GBvT9L2pPa84Hqqx7TApk5B5e6Ej2lCYKTqMmJkH99dFchUNYnXi4OaWIh5f9hmAwd93xDcuadUzLQyuIrkZfQ7S+5t1AdIsuKpHZ6ChW6fZWyL5+f7hPXcM5u8KJTJzkSzRq/mRpWXnvXFpbsGGIhsnucjvqiqzYebg1RHD7HzsnU= formando@PC013394\r\n",
                    "path": "/home/controlnode/.ssh/authorized_keys"
                  }
                ]
              }
            ],
            "os_profile_secrets": [],
            "os_profile_windows_config": [],
            "plan": [],
            "primary_network_interface_id": null,
            "proximity_placement_group_id": null,
            "resource_group_name": "grupo2-neu-dr-rg",
            "storage_data_disk": [],
            "storage_image_reference": [
              {
                "id": "",
                "offer": "0001-com-ubuntu-server-jammy",
                "publisher": "Canonical",
                "sku": "22_04-lts",
                "version": "latest"
              }
            ],
            "storage_os_disk": [
              {
                "caching": "ReadWrite",
                "create_option": "FromImage",
                "disk_size_gb": 30,
                "image_uri": "",
                "managed_disk_id": "/subscriptions/c34f0752-7151-4ee1-ac5c-6369a3e67318/resourceGroups/grupo2-neu-dr-rg/providers/Microsoft.Compute/disks/ANSIBLE-DR-Disk",
                "managed_disk_type": "StandardSSD_LRS",
                "name": "ANSIBLE-DR-Disk",
                "os_type": "Linux",
                "vhd_uri": "",
                "write_accelerator_enabled": false
              }
            ],
            "tags": {},
            "timeouts": null,
            "vm_size": "Standard_B1s",
            "zones": []
          },
          "sensitive_attributes": [],
          "private": "eyJlMmJmYjczMC1lY2FhLTExZTYtOGY4OC0zNDM2M2JjN2M0YzAiOnsiY3JlYXRlIjozNjAwMDAwMDAwMDAwLCJkZWxldGUiOjM2MDAwMDAwMDAwMDAsInJlYWQiOjMwMDAwMDAwMDAwMCwidXBkYXRlIjozNjAwMDAwMDAwMDAwfX0=",
          "dependencies": [
            "azurerm_network_interface.ANSIBLE-DR-NIC",
            "azurerm_public_ip.grupo2-neu-dr-ansible-pip",
            "azurerm_subnet.grupo2-neu-dr-ansible-subnet",
            "azurerm_virtual_network.grupo2-neu-dr-vnet"
          ]
        }
      ]
    },
    {
      "mode": "managed",
      "type": "azurerm_virtual_machine",
      "name": "ANSIBLE-PROD",
      "provider": "provider[\"registry.terraform.io/hashicorp/azurerm\"]",
      "instances": [
        {
          "schema_version": 0,
          "attributes": {
            "additional_capabilities": [],
            "availability_set_id": null,
            "boot_diagnostics": [],
            "delete_data_disks_on_termination": false,
            "delete_os_disk_on_termination": false,
            "id": "/subscriptions/c34f0752-7151-4ee1-ac5c-6369a3e67318/resourceGroups/grupo2-weu-prod-rg/providers/Microsoft.Compute/virtualMachines/Grupo2-WEU-PROD-ANSIBLE",
            "identity": [],
            "license_type": null,
            "location": "westeurope",
            "name": "Grupo2-WEU-PROD-ANSIBLE",
            "network_interface_ids": [
              "/subscriptions/c34f0752-7151-4ee1-ac5c-6369a3e67318/resourceGroups/grupo2-weu-prod-rg/providers/Microsoft.Network/networkInterfaces/ANSIBLE-PROD-NIC"
            ],
            "os_profile": [
              {
                "admin_password": "",
                "admin_username": "controlnode",
                "computer_name": "hostname",
                "custom_data": ""
              }
            ],
            "os_profile_linux_config": [
              {
                "disable_password_authentication": true,
                "ssh_keys": [
                  {
                    "key_data": "ssh-rsa AAAAB3NzaC1yc2EAAAADAQABAAABgQDKNnbgiBUswZ7Vam2cUhVRIkTvn1ydhcqTeAWw4GSVHtze51e+KQNQ+AkP/flIHnxVokrGpouyqAn6UsLK6jTSxkCpBU+qKizhgCBrzlpWoLOaPYp5tLcGyzebWp/V3+gkoopyrSrhSq7hDJW07kp29FLOISi81NbcZ6Dt5IyvdG7uO1hLe3fl3JDbIJAaWFylnHnLRJ2sZ8BvQqnmW1PGG72RxmJY+beSuv8EHINNJRyB8HQo1LZVkimx+AUvl2B+64jnLBvwNe3e70F8Yn/o+d+yEUJ/JN9UzYL7faJKO8W5ks8S21k94O920fAVq3TQ2v9uyUFuYqxnbXLpV6DSaOcUo8XX0r7RBAPnNgkAL1JBxRHiPCbABNXh+oHDJ/WTwx3YG/DT7QmMELsnbntx1Ju9v+SopvnK6XA7Uuy9lWPvVQsQsGxNzDSN8wV3lcvol1LxMzKILOSIk//tH2/yFlqNBozei1L7f0+QXpB/NsE4PiJ2pRJuDDoEV0IHzrM= formando@PC013394\r\n",
                    "path": "/home/controlnode/.ssh/authorized_keys"
                  }
                ]
              }
            ],
            "os_profile_secrets": [],
            "os_profile_windows_config": [],
            "plan": [],
            "primary_network_interface_id": null,
            "proximity_placement_group_id": null,
            "resource_group_name": "grupo2-weu-prod-rg",
            "storage_data_disk": [],
            "storage_image_reference": [
              {
                "id": "",
                "offer": "0001-com-ubuntu-server-jammy",
                "publisher": "Canonical",
                "sku": "22_04-lts",
                "version": "latest"
              }
            ],
            "storage_os_disk": [
              {
                "caching": "ReadWrite",
                "create_option": "FromImage",
                "disk_size_gb": 30,
                "image_uri": "",
                "managed_disk_id": "/subscriptions/c34f0752-7151-4ee1-ac5c-6369a3e67318/resourceGroups/grupo2-weu-prod-rg/providers/Microsoft.Compute/disks/ANSIBLE-Prod-Disk",
                "managed_disk_type": "StandardSSD_LRS",
                "name": "ANSIBLE-Prod-Disk",
                "os_type": "Linux",
                "vhd_uri": "",
                "write_accelerator_enabled": false
              }
            ],
            "tags": {},
            "timeouts": null,
            "vm_size": "Standard_B1s",
            "zones": []
          },
          "sensitive_attributes": [],
          "private": "eyJlMmJmYjczMC1lY2FhLTExZTYtOGY4OC0zNDM2M2JjN2M0YzAiOnsiY3JlYXRlIjozNjAwMDAwMDAwMDAwLCJkZWxldGUiOjM2MDAwMDAwMDAwMDAsInJlYWQiOjMwMDAwMDAwMDAwMCwidXBkYXRlIjozNjAwMDAwMDAwMDAwfX0=",
          "dependencies": [
            "azurerm_network_interface.ANSIBLE-PROD-NIC",
            "azurerm_public_ip.grupo2-weu-prod-ansible-pip",
            "azurerm_subnet.grupo2-weu-prod-ansible-subnet",
            "azurerm_virtual_network.grupo2-weu-prod-vnet"
          ]
        }
      ]
    },
    {
      "mode": "managed",
      "type": "azurerm_virtual_machine",
      "name": "DATABASESERVER-DR",
      "provider": "provider[\"registry.terraform.io/hashicorp/azurerm\"]",
      "instances": [
        {
          "schema_version": 0,
          "attributes": {
            "additional_capabilities": [],
            "availability_set_id": null,
            "boot_diagnostics": [],
            "delete_data_disks_on_termination": true,
            "delete_os_disk_on_termination": true,
            "id": "/subscriptions/c34f0752-7151-4ee1-ac5c-6369a3e67318/resourceGroups/grupo2-neu-dr-rg/providers/Microsoft.Compute/virtualMachines/Grupo2-NEU-DR-DATABASESERVER",
            "identity": [],
            "license_type": null,
            "location": "northeurope",
            "name": "Grupo2-NEU-DR-DATABASESERVER",
            "network_interface_ids": [
              "/subscriptions/c34f0752-7151-4ee1-ac5c-6369a3e67318/resourceGroups/grupo2-neu-dr-rg/providers/Microsoft.Network/networkInterfaces/DATABASE-DR-NIC"
            ],
            "os_profile": [
              {
                "admin_password": "",
                "admin_username": "ansible",
                "computer_name": "hostname",
                "custom_data": ""
              }
            ],
            "os_profile_linux_config": [
              {
                "disable_password_authentication": true,
                "ssh_keys": [
                  {
                    "key_data": "ssh-rsa AAAAB3NzaC1yc2EAAAADAQABAAABgQDFyZSld3z858cmtKMp/532Dj03jYdSC7SwYrQd4nljj5wbnl6UaB5vz5NsY+qwRQY1aKBOdVaUjAqemPemT6vZAcaX59aurCpvDNfjptd7QiW/P5vNGjTxvIdLJf5pE/6KthYH5+2rN6R0AJ+Wm6VqbFLxATWWqME22kWmtQEIon38v3SaA1BHKXBMk19nMOzHAffteDsonmMZiixjVXhYdtcR0q4fX9k3eN1ftFQviRt7gT1raW3k8c/zMRGNO6HLJBSjv2GRW33hNyZBOxPM3tgFvnaulmdaG8hwLeShtjohIH4o29nuqkqDR62WINyutRDYEHJKSgeD0lqplmhU9wCA0iZqNxGLeHRB2hrkmlkDSWBKVkzz/B3GFbHzJLScYCwIdckbLzMWIBU+3ydhxJBXI/M9FPffm7xPycrBNHhQ23YZotdJpXs4SJp8fucvmIFomqkKre0N+zi/vdhrwFLMd41yUtmfmp+qTr5d8GB7CxNaFAcENmDm8xgwZv0= formando@PC013394\r\n",
                    "path": "/home/ansible/.ssh/authorized_keys"
                  }
                ]
              }
            ],
            "os_profile_secrets": [],
            "os_profile_windows_config": [],
            "plan": [],
            "primary_network_interface_id": null,
            "proximity_placement_group_id": null,
            "resource_group_name": "grupo2-neu-dr-rg",
            "storage_data_disk": [],
            "storage_image_reference": [
              {
                "id": "",
                "offer": "0001-com-ubuntu-server-jammy",
                "publisher": "Canonical",
                "sku": "22_04-lts",
                "version": "latest"
              }
            ],
            "storage_os_disk": [
              {
                "caching": "ReadWrite",
                "create_option": "FromImage",
                "disk_size_gb": 30,
                "image_uri": "",
                "managed_disk_id": "/subscriptions/c34f0752-7151-4ee1-ac5c-6369a3e67318/resourceGroups/grupo2-neu-dr-rg/providers/Microsoft.Compute/disks/DATABASESERVER-DR-Disk",
                "managed_disk_type": "StandardSSD_LRS",
                "name": "DATABASESERVER-DR-Disk",
                "os_type": "Linux",
                "vhd_uri": "",
                "write_accelerator_enabled": false
              }
            ],
            "tags": {},
            "timeouts": null,
            "vm_size": "Standard_B1s",
            "zones": []
          },
          "sensitive_attributes": [],
          "private": "eyJlMmJmYjczMC1lY2FhLTExZTYtOGY4OC0zNDM2M2JjN2M0YzAiOnsiY3JlYXRlIjozNjAwMDAwMDAwMDAwLCJkZWxldGUiOjM2MDAwMDAwMDAwMDAsInJlYWQiOjMwMDAwMDAwMDAwMCwidXBkYXRlIjozNjAwMDAwMDAwMDAwfX0=",
          "dependencies": [
            "azurerm_network_interface.DATABASESERVER-DR-NIC",
            "azurerm_subnet.grupo2-neu-dr-subnet",
            "azurerm_virtual_network.grupo2-neu-dr-vnet"
          ]
        }
      ]
    },
    {
      "mode": "managed",
      "type": "azurerm_virtual_machine",
      "name": "DATABASESERVER-PROD",
      "provider": "provider[\"registry.terraform.io/hashicorp/azurerm\"]",
      "instances": [
        {
          "schema_version": 0,
          "attributes": {
            "additional_capabilities": [],
            "availability_set_id": null,
            "boot_diagnostics": [],
            "delete_data_disks_on_termination": true,
            "delete_os_disk_on_termination": true,
            "id": "/subscriptions/c34f0752-7151-4ee1-ac5c-6369a3e67318/resourceGroups/grupo2-weu-prod-rg/providers/Microsoft.Compute/virtualMachines/Grupo2-WEU-PROD-DATABASESERVER",
            "identity": [],
            "license_type": null,
            "location": "westeurope",
            "name": "Grupo2-WEU-PROD-DATABASESERVER",
            "network_interface_ids": [
              "/subscriptions/c34f0752-7151-4ee1-ac5c-6369a3e67318/resourceGroups/grupo2-weu-prod-rg/providers/Microsoft.Network/networkInterfaces/DATABASE-PROD-NIC"
            ],
            "os_profile": [
              {
                "admin_password": "",
                "admin_username": "ansible",
                "computer_name": "hostname",
                "custom_data": ""
              }
            ],
            "os_profile_linux_config": [
              {
                "disable_password_authentication": true,
                "ssh_keys": [
                  {
                    "key_data": "ssh-rsa AAAAB3NzaC1yc2EAAAADAQABAAABgQDIHPJWYCEJniZ3ofa7R1E0/v1Sgx4YzD42Q8Is+OIPxyoARRKfkucUCRtfEipx9fyZ68tQzr1JtLXlRJo4m0EHi/UZhSaKT/2NRHOpub4AQ9BR6OJHjg6bQM9D7fv9i8dsUfFe/k1NLbAzuE9qz0eOPqa3CyozmzNEzpKkVulL6rM33J3mggLVu9/DOkjo13dS4t902nep5m49V3xVAPChcX2BImkUKWob5AlC0lATon7/oDU4d+fcWb3y86Q9B22sI+flGIQieVQl8Q6VwcQcRPaiFy9NkG+Gb59xu/I5t2fq7XUr76b4YZ2qpS3tpm82gJ4dwd5kbq7qGy9JpwU0p73slSSw4PIfVR+PmY32IdsqRgYS3YvlGG6WyCp0j+s63UPO3S6D143kCB6gb4QcvNGR/tslPRmF9o3siUFqTh1+Lx7X1uJ+wyS58Fpv53/Jjh0NJGzGHL7H+s/J1j3/Q/pVdRKodo/Z7rVAzD9zAuWUmGCZtMHWKophFA52xz0= formando@PC013394\r\n",
                    "path": "/home/ansible/.ssh/authorized_keys"
                  }
                ]
              }
            ],
            "os_profile_secrets": [],
            "os_profile_windows_config": [],
            "plan": [],
            "primary_network_interface_id": null,
            "proximity_placement_group_id": null,
            "resource_group_name": "grupo2-weu-prod-rg",
            "storage_data_disk": [],
            "storage_image_reference": [
              {
                "id": "",
                "offer": "0001-com-ubuntu-server-jammy",
                "publisher": "Canonical",
                "sku": "22_04-lts",
                "version": "latest"
              }
            ],
            "storage_os_disk": [
              {
                "caching": "ReadWrite",
                "create_option": "FromImage",
                "disk_size_gb": 30,
                "image_uri": "",
                "managed_disk_id": "/subscriptions/c34f0752-7151-4ee1-ac5c-6369a3e67318/resourceGroups/grupo2-weu-prod-rg/providers/Microsoft.Compute/disks/DATABASESERVER-Prod-Disk",
                "managed_disk_type": "StandardSSD_LRS",
                "name": "DATABASESERVER-Prod-Disk",
                "os_type": "Linux",
                "vhd_uri": "",
                "write_accelerator_enabled": false
              }
            ],
            "tags": {},
            "timeouts": null,
            "vm_size": "Standard_B1s",
            "zones": []
          },
          "sensitive_attributes": [],
          "private": "eyJlMmJmYjczMC1lY2FhLTExZTYtOGY4OC0zNDM2M2JjN2M0YzAiOnsiY3JlYXRlIjozNjAwMDAwMDAwMDAwLCJkZWxldGUiOjM2MDAwMDAwMDAwMDAsInJlYWQiOjMwMDAwMDAwMDAwMCwidXBkYXRlIjozNjAwMDAwMDAwMDAwfX0=",
          "dependencies": [
            "azurerm_network_interface.DATABASESERVER-PROD-NIC",
            "azurerm_subnet.grupo2-weu-prod-subnet",
            "azurerm_virtual_network.grupo2-weu-prod-vnet"
          ]
        }
      ]
    },
    {
      "mode": "managed",
      "type": "azurerm_virtual_machine",
      "name": "WEBSERVER-DR",
      "provider": "provider[\"registry.terraform.io/hashicorp/azurerm\"]",
      "instances": [
        {
          "schema_version": 0,
          "attributes": {
            "additional_capabilities": [],
            "availability_set_id": null,
            "boot_diagnostics": [],
            "delete_data_disks_on_termination": true,
            "delete_os_disk_on_termination": true,
            "id": "/subscriptions/c34f0752-7151-4ee1-ac5c-6369a3e67318/resourceGroups/grupo2-neu-dr-rg/providers/Microsoft.Compute/virtualMachines/Grupo2-NEU-DR-WEBSERVER",
            "identity": [],
            "license_type": null,
            "location": "northeurope",
            "name": "Grupo2-NEU-DR-WEBSERVER",
            "network_interface_ids": [
              "/subscriptions/c34f0752-7151-4ee1-ac5c-6369a3e67318/resourceGroups/grupo2-neu-dr-rg/providers/Microsoft.Network/networkInterfaces/WEBSERVER-DR-NIC"
            ],
            "os_profile": [
              {
                "admin_password": "",
                "admin_username": "ansible",
                "computer_name": "hostname",
                "custom_data": ""
              }
            ],
            "os_profile_linux_config": [
              {
                "disable_password_authentication": true,
                "ssh_keys": [
                  {
                    "key_data": "ssh-rsa AAAAB3NzaC1yc2EAAAADAQABAAABgQDX8khBmS2mA9rTBpkkWfR7oG6beNrn58OzaJrFW8tmwYPgkrxYMa+auUdGw/j0Vjn7U9FzcA44+FPAxaOF+hinKU1hLqyvnWRNpykXJWw3P8WJ2j404yjuFP2fClOoMTGiGPAXQZF2asmMHBWWxvwol29wM+yVORFypGFAspYTeDKTHaysYOTwqT1+Zr6r0W3ijYojC+xivvLlD+WOyw22P3I3OoO5TryrZZfOroGf8jm9XxAvEFewIYuP7TGDJXuNs+5HvRoR7gFxVRYjenTEbcObly9e71eImZw0sPA9kxXQDbPL46BVWJ8UhGmIW+eyLHDOkTaH+5iQs5w/t6YoDEaXDw+GO/5LORLT3WQAWIdWlNjRAPxHYui1OMR/l6j7XGHKETFaUfOaXFcqKEk0aQDpiPv/v9GNoZkbUWxr6HfOMgBL9SeJqPQmEgnpf0TW2tYtlXXHaqpnZ8Qn94wwKTcAJ6pMRk8FbwFSQosbE0Gp42M7grDz5Q9gqwqDG7s= formando@PC013394\r\n",
                    "path": "/home/ansible/.ssh/authorized_keys"
                  }
                ]
              }
            ],
            "os_profile_secrets": [],
            "os_profile_windows_config": [],
            "plan": [],
            "primary_network_interface_id": null,
            "proximity_placement_group_id": null,
            "resource_group_name": "grupo2-neu-dr-rg",
            "storage_data_disk": [],
            "storage_image_reference": [
              {
                "id": "",
                "offer": "0001-com-ubuntu-server-jammy",
                "publisher": "Canonical",
                "sku": "22_04-lts",
                "version": "latest"
              }
            ],
            "storage_os_disk": [
              {
                "caching": "ReadWrite",
                "create_option": "FromImage",
                "disk_size_gb": 30,
                "image_uri": "",
                "managed_disk_id": "/subscriptions/c34f0752-7151-4ee1-ac5c-6369a3e67318/resourceGroups/grupo2-neu-dr-rg/providers/Microsoft.Compute/disks/WEBSERVER-DR-Disk",
                "managed_disk_type": "StandardSSD_LRS",
                "name": "WEBSERVER-DR-Disk",
                "os_type": "Linux",
                "vhd_uri": "",
                "write_accelerator_enabled": false
              }
            ],
            "tags": {},
            "timeouts": null,
            "vm_size": "Standard_B1s",
            "zones": []
          },
          "sensitive_attributes": [],
          "private": "eyJlMmJmYjczMC1lY2FhLTExZTYtOGY4OC0zNDM2M2JjN2M0YzAiOnsiY3JlYXRlIjozNjAwMDAwMDAwMDAwLCJkZWxldGUiOjM2MDAwMDAwMDAwMDAsInJlYWQiOjMwMDAwMDAwMDAwMCwidXBkYXRlIjozNjAwMDAwMDAwMDAwfX0=",
          "dependencies": [
            "azurerm_network_interface.WEBSERVER-DR-NIC",
            "azurerm_subnet.grupo2-neu-dr-subnet",
            "azurerm_virtual_network.grupo2-neu-dr-vnet"
          ]
        }
      ]
    },
    {
      "mode": "managed",
      "type": "azurerm_virtual_machine",
      "name": "WEBSERVER-PROD",
      "provider": "provider[\"registry.terraform.io/hashicorp/azurerm\"]",
      "instances": [
        {
          "schema_version": 0,
          "attributes": {
            "additional_capabilities": [],
            "availability_set_id": null,
            "boot_diagnostics": [],
            "delete_data_disks_on_termination": false,
            "delete_os_disk_on_termination": false,
            "id": "/subscriptions/c34f0752-7151-4ee1-ac5c-6369a3e67318/resourceGroups/grupo2-weu-prod-rg/providers/Microsoft.Compute/virtualMachines/Grupo2-WEU-PROD-WEBSERVER",
            "identity": [],
            "license_type": null,
            "location": "westeurope",
            "name": "Grupo2-WEU-PROD-WEBSERVER",
            "network_interface_ids": [
              "/subscriptions/c34f0752-7151-4ee1-ac5c-6369a3e67318/resourceGroups/grupo2-weu-prod-rg/providers/Microsoft.Network/networkInterfaces/WEBSERVER-PROD-NIC"
            ],
            "os_profile": [
              {
                "admin_password": "",
                "admin_username": "ansible",
                "computer_name": "hostname",
                "custom_data": ""
              }
            ],
            "os_profile_linux_config": [
              {
                "disable_password_authentication": true,
                "ssh_keys": [
                  {
                    "key_data": "ssh-rsa AAAAB3NzaC1yc2EAAAADAQABAAABgQC7rHfAqWQhepvj0l8ThVQDblZYwxkqddTX5NmWhh4sOn6QG8gq9c+JmwDiKeBIC6V2tAxgVjFGcxHqQ01oMxys61NNcwCBfulICnKzxVoYlKH0EW/J614i5fT9976OAyqbxgpJXicY19oYdtAzbtncsWJ2DPgVqG0EnKAOKRhc3ml40jGMrODMMgF4khvMuTZC367zUyHYarkRkeOYQJqQA8UdBuY6qcoZaXoNgVUpvXnNCRzpcUeT6S/28z0eEe9aN0U16lMwndaT1oLNMAhZgIOYlC/pFWMhUCpq/6RXZHaEiGQw/HuHPKPEVKIM4YbeYgToXxT4zNyJ3dl7I7Qd3+jA/TGyqcgR067tKh2kNPcP8u1r4oAovIZNHxO/hyVlic6FpdWB2GEuwWIcZaYw+Yw0dBSSVxs6ZKLnQU506+kYB3ZIbuu2VjccGP4vfkjgwTSqlaYDJbXMpNxeid2cUde8F9CmYG3mt+jH0tJphCeVGmdKlapGD8NJNf85VjM= formando@PC013394\r\n",
                    "path": "/home/ansible/.ssh/authorized_keys"
                  }
                ]
              }
            ],
            "os_profile_secrets": [],
            "os_profile_windows_config": [],
            "plan": [],
            "primary_network_interface_id": null,
            "proximity_placement_group_id": null,
            "resource_group_name": "grupo2-weu-prod-rg",
            "storage_data_disk": [],
            "storage_image_reference": [
              {
                "id": "",
                "offer": "0001-com-ubuntu-server-jammy",
                "publisher": "Canonical",
                "sku": "22_04-lts",
                "version": "latest"
              }
            ],
            "storage_os_disk": [
              {
                "caching": "ReadWrite",
                "create_option": "FromImage",
                "disk_size_gb": 30,
                "image_uri": "",
                "managed_disk_id": "/subscriptions/c34f0752-7151-4ee1-ac5c-6369a3e67318/resourceGroups/grupo2-weu-prod-rg/providers/Microsoft.Compute/disks/WEBSERVER-Prod-Disk",
                "managed_disk_type": "StandardSSD_LRS",
                "name": "WEBSERVER-Prod-Disk",
                "os_type": "Linux",
                "vhd_uri": "",
                "write_accelerator_enabled": false
              }
            ],
            "tags": {},
            "timeouts": null,
            "vm_size": "Standard_B1s",
            "zones": []
          },
          "sensitive_attributes": [],
          "private": "eyJlMmJmYjczMC1lY2FhLTExZTYtOGY4OC0zNDM2M2JjN2M0YzAiOnsiY3JlYXRlIjozNjAwMDAwMDAwMDAwLCJkZWxldGUiOjM2MDAwMDAwMDAwMDAsInJlYWQiOjMwMDAwMDAwMDAwMCwidXBkYXRlIjozNjAwMDAwMDAwMDAwfX0=",
          "dependencies": [
            "azurerm_network_interface.WEBSERVER-PROD-NIC",
            "azurerm_subnet.grupo2-weu-prod-subnet",
            "azurerm_virtual_network.grupo2-weu-prod-vnet"
          ]
        }
      ]
    },
    {
      "mode": "managed",
      "type": "azurerm_virtual_machine",
      "name": "WINDOWS-DR",
      "provider": "provider[\"registry.terraform.io/hashicorp/azurerm\"]",
      "instances": [
        {
          "schema_version": 0,
          "attributes": {
            "additional_capabilities": [],
            "availability_set_id": null,
            "boot_diagnostics": [],
            "delete_data_disks_on_termination": true,
            "delete_os_disk_on_termination": true,
            "id": "/subscriptions/c34f0752-7151-4ee1-ac5c-6369a3e67318/resourceGroups/grupo2-neu-dr-rg/providers/Microsoft.Compute/virtualMachines/Grupo2-NEU-DR-WINDOWSSERVER",
            "identity": [],
            "license_type": null,
            "location": "northeurope",
            "name": "Grupo2-NEU-DR-WINDOWSSERVER",
            "network_interface_ids": [
              "/subscriptions/c34f0752-7151-4ee1-ac5c-6369a3e67318/resourceGroups/grupo2-neu-dr-rg/providers/Microsoft.Network/networkInterfaces/WINDOWS-DR-NIC"
            ],
            "os_profile": [
              {
                "admin_password": "",
                "admin_username": "WinDR",
                "computer_name": "hostname",
                "custom_data": ""
              }
            ],
            "os_profile_linux_config": [],
            "os_profile_secrets": [],
            "os_profile_windows_config": [
              {
                "additional_unattend_config": [],
                "enable_automatic_upgrades": false,
                "provision_vm_agent": true,
                "timezone": "",
                "winrm": []
              }
            ],
            "plan": [],
            "primary_network_interface_id": null,
            "proximity_placement_group_id": null,
            "resource_group_name": "grupo2-neu-dr-rg",
            "storage_data_disk": [],
            "storage_image_reference": [
              {
                "id": "",
                "offer": "WindowsServer",
                "publisher": "MicrosoftWindowsServer",
                "sku": "2022-datacenter-azure-edition",
                "version": "latest"
              }
            ],
            "storage_os_disk": [
              {
                "caching": "ReadWrite",
                "create_option": "FromImage",
                "disk_size_gb": 127,
                "image_uri": "",
                "managed_disk_id": "/subscriptions/c34f0752-7151-4ee1-ac5c-6369a3e67318/resourceGroups/grupo2-neu-dr-rg/providers/Microsoft.Compute/disks/WINDOWS-DR-Disk",
                "managed_disk_type": "StandardSSD_LRS",
                "name": "WINDOWS-DR-Disk",
                "os_type": "Windows",
                "vhd_uri": "",
                "write_accelerator_enabled": false
              }
            ],
            "tags": {},
            "timeouts": null,
            "vm_size": "Standard_B1s",
            "zones": []
          },
          "sensitive_attributes": [],
          "private": "eyJlMmJmYjczMC1lY2FhLTExZTYtOGY4OC0zNDM2M2JjN2M0YzAiOnsiY3JlYXRlIjozNjAwMDAwMDAwMDAwLCJkZWxldGUiOjM2MDAwMDAwMDAwMDAsInJlYWQiOjMwMDAwMDAwMDAwMCwidXBkYXRlIjozNjAwMDAwMDAwMDAwfX0=",
          "dependencies": [
            "azurerm_network_interface.WINDOWS-DR-NIC",
            "azurerm_subnet.grupo2-neu-dr-subnet",
            "azurerm_virtual_network.grupo2-neu-dr-vnet"
          ]
        }
      ]
    },
    {
      "mode": "managed",
      "type": "azurerm_virtual_machine",
      "name": "WINDOWS-PROD",
      "provider": "provider[\"registry.terraform.io/hashicorp/azurerm\"]",
      "instances": [
        {
          "schema_version": 0,
          "attributes": {
            "additional_capabilities": [],
            "availability_set_id": null,
            "boot_diagnostics": [],
            "delete_data_disks_on_termination": true,
            "delete_os_disk_on_termination": true,
            "id": "/subscriptions/c34f0752-7151-4ee1-ac5c-6369a3e67318/resourceGroups/grupo2-weu-prod-rg/providers/Microsoft.Compute/virtualMachines/Grupo2-WEU-PROD-WINDOWSSERVER",
            "identity": [],
            "license_type": null,
            "location": "westeurope",
            "name": "Grupo2-WEU-PROD-WINDOWSSERVER",
            "network_interface_ids": [
              "/subscriptions/c34f0752-7151-4ee1-ac5c-6369a3e67318/resourceGroups/grupo2-weu-prod-rg/providers/Microsoft.Network/networkInterfaces/WINDOWS-PROD-NIC"
            ],
            "os_profile": [
              {
                "admin_password": "",
                "admin_username": "WinDR",
                "computer_name": "hostname",
                "custom_data": ""
              }
            ],
            "os_profile_linux_config": [],
            "os_profile_secrets": [],
            "os_profile_windows_config": [
              {
                "additional_unattend_config": [],
                "enable_automatic_upgrades": false,
                "provision_vm_agent": true,
                "timezone": "",
                "winrm": []
              }
            ],
            "plan": [],
            "primary_network_interface_id": null,
            "proximity_placement_group_id": null,
            "resource_group_name": "grupo2-weu-prod-rg",
            "storage_data_disk": [],
            "storage_image_reference": [
              {
                "id": "",
                "offer": "WindowsServer",
                "publisher": "MicrosoftWindowsServer",
                "sku": "2022-datacenter-azure-edition",
                "version": "latest"
              }
            ],
            "storage_os_disk": [
              {
                "caching": "ReadWrite",
                "create_option": "FromImage",
                "disk_size_gb": 127,
                "image_uri": "",
                "managed_disk_id": "/subscriptions/c34f0752-7151-4ee1-ac5c-6369a3e67318/resourceGroups/grupo2-weu-prod-rg/providers/Microsoft.Compute/disks/WINDOWS-PROD-Disk",
                "managed_disk_type": "StandardSSD_LRS",
                "name": "WINDOWS-PROD-Disk",
                "os_type": "Windows",
                "vhd_uri": "",
                "write_accelerator_enabled": false
              }
            ],
            "tags": null,
            "timeouts": null,
            "vm_size": "Standard_B1s",
            "zones": null
          },
          "sensitive_attributes": [],
          "private": "eyJlMmJmYjczMC1lY2FhLTExZTYtOGY4OC0zNDM2M2JjN2M0YzAiOnsiY3JlYXRlIjozNjAwMDAwMDAwMDAwLCJkZWxldGUiOjM2MDAwMDAwMDAwMDAsInJlYWQiOjMwMDAwMDAwMDAwMCwidXBkYXRlIjozNjAwMDAwMDAwMDAwfX0=",
          "dependencies": [
            "azurerm_network_interface.WINDOWS-PROD-NIC",
            "azurerm_subnet.grupo2-weu-prod-subnet",
            "azurerm_virtual_network.grupo2-weu-prod-vnet"
          ]
        }
      ]
    },
    {
      "mode": "managed",
      "type": "azurerm_virtual_network",
      "name": "grupo2-neu-dr-vnet",
      "provider": "provider[\"registry.terraform.io/hashicorp/azurerm\"]",
      "instances": [
        {
          "schema_version": 0,
          "attributes": {
            "address_space": [
              "10.1.0.0/16"
            ],
            "bgp_community": "",
            "ddos_protection_plan": [],
            "dns_servers": [],
            "flow_timeout_in_minutes": 0,
            "guid": "60f2155f-114c-40dd-a28d-32423bfc45ee",
            "id": "/subscriptions/c34f0752-7151-4ee1-ac5c-6369a3e67318/resourceGroups/grupo2-neu-dr-rg/providers/Microsoft.Network/virtualNetworks/Grupo2-NEU-DR-VNET",
            "location": "northeurope",
            "name": "Grupo2-NEU-DR-VNET",
            "resource_group_name": "grupo2-neu-dr-rg",
            "subnet": [
              {
                "address_prefix": "10.1.1.0/24",
                "id": "/subscriptions/c34f0752-7151-4ee1-ac5c-6369a3e67318/resourceGroups/grupo2-neu-dr-rg/providers/Microsoft.Network/virtualNetworks/Grupo2-NEU-DR-VNET/subnets/GRUPO2-NEU-DR-ANISBLE-SUBNET",
                "name": "GRUPO2-NEU-DR-ANISBLE-SUBNET",
                "security_group": ""
              },
              {
                "address_prefix": "10.1.2.0/24",
                "id": "/subscriptions/c34f0752-7151-4ee1-ac5c-6369a3e67318/resourceGroups/grupo2-neu-dr-rg/providers/Microsoft.Network/virtualNetworks/Grupo2-NEU-DR-VNET/subnets/GRUPO2-NEU-DR-SUBNET",
                "name": "GRUPO2-NEU-DR-SUBNET",
                "security_group": ""
              }
            ],
            "tags": {},
            "timeouts": null,
            "vm_protection_enabled": false
          },
          "sensitive_attributes": [],
          "private": "eyJlMmJmYjczMC1lY2FhLTExZTYtOGY4OC0zNDM2M2JjN2M0YzAiOnsiY3JlYXRlIjoxODAwMDAwMDAwMDAwLCJkZWxldGUiOjE4MDAwMDAwMDAwMDAsInJlYWQiOjMwMDAwMDAwMDAwMCwidXBkYXRlIjoxODAwMDAwMDAwMDAwfX0="
        }
      ]
    },
    {
      "mode": "managed",
      "type": "azurerm_virtual_network",
      "name": "grupo2-weu-prod-vnet",
      "provider": "provider[\"registry.terraform.io/hashicorp/azurerm\"]",
      "instances": [
        {
          "schema_version": 0,
          "attributes": {
            "address_space": [
              "10.0.0.0/16"
            ],
            "bgp_community": "",
            "ddos_protection_plan": [],
            "dns_servers": [],
            "flow_timeout_in_minutes": 0,
            "guid": "c154e0fb-59d5-4850-9176-25f9e35ca864",
            "id": "/subscriptions/c34f0752-7151-4ee1-ac5c-6369a3e67318/resourceGroups/grupo2-weu-prod-rg/providers/Microsoft.Network/virtualNetworks/Grupo2-WEU-PROD-VNET",
            "location": "westeurope",
            "name": "Grupo2-WEU-PROD-VNET",
            "resource_group_name": "grupo2-weu-prod-rg",
            "subnet": [
              {
                "address_prefix": "10.0.1.0/24",
                "id": "/subscriptions/c34f0752-7151-4ee1-ac5c-6369a3e67318/resourceGroups/grupo2-weu-prod-rg/providers/Microsoft.Network/virtualNetworks/Grupo2-WEU-PROD-VNET/subnets/GRUPO2-WEU-PROD-ANSIBLE-SUBNET",
                "name": "GRUPO2-WEU-PROD-ANSIBLE-SUBNET",
                "security_group": ""
              },
              {
                "address_prefix": "10.0.2.0/24",
                "id": "/subscriptions/c34f0752-7151-4ee1-ac5c-6369a3e67318/resourceGroups/grupo2-weu-prod-rg/providers/Microsoft.Network/virtualNetworks/Grupo2-WEU-PROD-VNET/subnets/GRUPO2-WEU-PROD-SUBNET",
                "name": "GRUPO2-WEU-PROD-SUBNET",
                "security_group": ""
              }
            ],
            "tags": {},
            "timeouts": null,
            "vm_protection_enabled": false
          },
          "sensitive_attributes": [],
          "private": "eyJlMmJmYjczMC1lY2FhLTExZTYtOGY4OC0zNDM2M2JjN2M0YzAiOnsiY3JlYXRlIjoxODAwMDAwMDAwMDAwLCJkZWxldGUiOjE4MDAwMDAwMDAwMDAsInJlYWQiOjMwMDAwMDAwMDAwMCwidXBkYXRlIjoxODAwMDAwMDAwMDAwfX0="
        }
      ]
    }
  ],
  "check_results": null
}
